// !$*UTF8*$!
{
	archiveVersion = 1;
	classes = {
	};
	objectVersion = 55;
	objects = {

/* Begin PBXBuildFile section */
		A430960F295E2259009592C4 /* AppAppearance.swift in Sources */ = {isa = PBXBuildFile; fileRef = A430960E295E2259009592C4 /* AppAppearance.swift */; };
		A4309611295E2F85009592C4 /* Dimension.swift in Sources */ = {isa = PBXBuildFile; fileRef = A4309610295E2F85009592C4 /* Dimension.swift */; };
		A4309616295E3632009592C4 /* UserBorrowViewController.swift in Sources */ = {isa = PBXBuildFile; fileRef = A4309615295E3632009592C4 /* UserBorrowViewController.swift */; };
		A4309618295E3668009592C4 /* UserBorrowViewModel.swift in Sources */ = {isa = PBXBuildFile; fileRef = A4309617295E3668009592C4 /* UserBorrowViewModel.swift */; };
		A481AE17295DFE9500D475D9 /* SampleAppDIContainer.swift in Sources */ = {isa = PBXBuildFile; fileRef = A481AE16295DFE9500D475D9 /* SampleAppDIContainer.swift */; };
		A481AE22295E006C00D475D9 /* UserLoanViewModel.swift in Sources */ = {isa = PBXBuildFile; fileRef = A481AE20295E006C00D475D9 /* UserLoanViewModel.swift */; };
		A481AE24295E01FD00D475D9 /* UserLoanViewController.swift in Sources */ = {isa = PBXBuildFile; fileRef = A481AE23295E01FD00D475D9 /* UserLoanViewController.swift */; };
		A481AE26295E057C00D475D9 /* NiblessViewController.swift in Sources */ = {isa = PBXBuildFile; fileRef = A481AE25295E057C00D475D9 /* NiblessViewController.swift */; };
		A4D13D672954B5DB00F459CE /* AppDelegate.swift in Sources */ = {isa = PBXBuildFile; fileRef = A4D13D662954B5DB00F459CE /* AppDelegate.swift */; };
		A4D13D702954B5DC00F459CE /* Assets.xcassets in Resources */ = {isa = PBXBuildFile; fileRef = A4D13D6F2954B5DC00F459CE /* Assets.xcassets */; };
		A4D13D732954B5DC00F459CE /* LaunchScreen.storyboard in Resources */ = {isa = PBXBuildFile; fileRef = A4D13D712954B5DC00F459CE /* LaunchScreen.storyboard */; };
		A4D13D7E2954B5DC00F459CE /* SampleAppTests.swift in Sources */ = {isa = PBXBuildFile; fileRef = A4D13D7D2954B5DC00F459CE /* SampleAppTests.swift */; };
		A4D13D882954B5DC00F459CE /* SampleAppUITests.swift in Sources */ = {isa = PBXBuildFile; fileRef = A4D13D872954B5DC00F459CE /* SampleAppUITests.swift */; };
		A4D13D8A2954B5DC00F459CE /* SampleAppUITestsLaunchTests.swift in Sources */ = {isa = PBXBuildFile; fileRef = A4D13D892954B5DC00F459CE /* SampleAppUITestsLaunchTests.swift */; };
		A4D13D9D2954B66000F459CE /* SnapKit in Frameworks */ = {isa = PBXBuildFile; productRef = A4D13D9C2954B66000F459CE /* SnapKit */; };
		A4D13DAE2954BA1100F459CE /* RxBlocking in Frameworks */ = {isa = PBXBuildFile; productRef = A4D13DAD2954BA1100F459CE /* RxBlocking */; };
		A4D13DB02954BA1100F459CE /* RxCocoa in Frameworks */ = {isa = PBXBuildFile; productRef = A4D13DAF2954BA1100F459CE /* RxCocoa */; };
		A4D13DB22954BA1100F459CE /* RxSwift in Frameworks */ = {isa = PBXBuildFile; productRef = A4D13DB12954BA1100F459CE /* RxSwift */; };
		A4D13DB42954BA1100F459CE /* RxTest in Frameworks */ = {isa = PBXBuildFile; productRef = A4D13DB32954BA1100F459CE /* RxTest */; };
		A4D13DB72954BA7400F459CE /* ViewModelType.swift in Sources */ = {isa = PBXBuildFile; fileRef = A4D13DB62954BA7400F459CE /* ViewModelType.swift */; };
		A4D13DBA2954BB9300F459CE /* Colors.swift in Sources */ = {isa = PBXBuildFile; fileRef = A4D13DB92954BB9300F459CE /* Colors.swift */; };
		A4D13DBE2954C21300F459CE /* RxFlow in Frameworks */ = {isa = PBXBuildFile; productRef = A4D13DBD2954C21300F459CE /* RxFlow */; };
		A4D13DC02954C31B00F459CE /* AppStep.swift in Sources */ = {isa = PBXBuildFile; fileRef = A4D13DBF2954C31B00F459CE /* AppStep.swift */; };
		A4D13DC22954C39E00F459CE /* AppFlow.swift in Sources */ = {isa = PBXBuildFile; fileRef = A4D13DC12954C39E00F459CE /* AppFlow.swift */; };
		A4D13DC82954C56900F459CE /* UserLoanUseCase.swift in Sources */ = {isa = PBXBuildFile; fileRef = A4D13DC72954C56900F459CE /* UserLoanUseCase.swift */; };
		A4D13DCB2954C5AD00F459CE /* UserLoan.swift in Sources */ = {isa = PBXBuildFile; fileRef = A4D13DCA2954C5AD00F459CE /* UserLoan.swift */; };
		A4D13DCD2954C6FB00F459CE /* LoanServices.swift in Sources */ = {isa = PBXBuildFile; fileRef = A4D13DCC2954C6FB00F459CE /* LoanServices.swift */; };
		A4D13DD02954C79F00F459CE /* UserLoanRepository.swift in Sources */ = {isa = PBXBuildFile; fileRef = A4D13DCF2954C79F00F459CE /* UserLoanRepository.swift */; };
		A4D13DD32954C81E00F459CE /* UserLoanDTO.swift in Sources */ = {isa = PBXBuildFile; fileRef = A4D13DD22954C81E00F459CE /* UserLoanDTO.swift */; };
/* End PBXBuildFile section */

/* Begin PBXContainerItemProxy section */
		A4D13D7A2954B5DC00F459CE /* PBXContainerItemProxy */ = {
			isa = PBXContainerItemProxy;
			containerPortal = A4D13D5B2954B5DB00F459CE /* Project object */;
			proxyType = 1;
			remoteGlobalIDString = A4D13D622954B5DB00F459CE;
			remoteInfo = SampleApp;
		};
		A4D13D842954B5DC00F459CE /* PBXContainerItemProxy */ = {
			isa = PBXContainerItemProxy;
			containerPortal = A4D13D5B2954B5DB00F459CE /* Project object */;
			proxyType = 1;
			remoteGlobalIDString = A4D13D622954B5DB00F459CE;
			remoteInfo = SampleApp;
		};
/* End PBXContainerItemProxy section */

/* Begin PBXFileReference section */
		A430960E295E2259009592C4 /* AppAppearance.swift */ = {isa = PBXFileReference; lastKnownFileType = sourcecode.swift; path = AppAppearance.swift; sourceTree = "<group>"; };
		A4309610295E2F85009592C4 /* Dimension.swift */ = {isa = PBXFileReference; lastKnownFileType = sourcecode.swift; path = Dimension.swift; sourceTree = "<group>"; };
		A4309615295E3632009592C4 /* UserBorrowViewController.swift */ = {isa = PBXFileReference; lastKnownFileType = sourcecode.swift; path = UserBorrowViewController.swift; sourceTree = "<group>"; };
		A4309617295E3668009592C4 /* UserBorrowViewModel.swift */ = {isa = PBXFileReference; lastKnownFileType = sourcecode.swift; path = UserBorrowViewModel.swift; sourceTree = "<group>"; };
		A481AE16295DFE9500D475D9 /* SampleAppDIContainer.swift */ = {isa = PBXFileReference; lastKnownFileType = sourcecode.swift; path = SampleAppDIContainer.swift; sourceTree = "<group>"; };
		A481AE20295E006C00D475D9 /* UserLoanViewModel.swift */ = {isa = PBXFileReference; fileEncoding = 4; lastKnownFileType = sourcecode.swift; path = UserLoanViewModel.swift; sourceTree = "<group>"; };
		A481AE23295E01FD00D475D9 /* UserLoanViewController.swift */ = {isa = PBXFileReference; lastKnownFileType = sourcecode.swift; path = UserLoanViewController.swift; sourceTree = "<group>"; };
		A481AE25295E057C00D475D9 /* NiblessViewController.swift */ = {isa = PBXFileReference; lastKnownFileType = sourcecode.swift; path = NiblessViewController.swift; sourceTree = "<group>"; };
		A4D13D632954B5DB00F459CE /* SampleApp.app */ = {isa = PBXFileReference; explicitFileType = wrapper.application; includeInIndex = 0; path = SampleApp.app; sourceTree = BUILT_PRODUCTS_DIR; };
		A4D13D662954B5DB00F459CE /* AppDelegate.swift */ = {isa = PBXFileReference; lastKnownFileType = sourcecode.swift; path = AppDelegate.swift; sourceTree = "<group>"; };
		A4D13D6F2954B5DC00F459CE /* Assets.xcassets */ = {isa = PBXFileReference; lastKnownFileType = folder.assetcatalog; path = Assets.xcassets; sourceTree = "<group>"; };
		A4D13D722954B5DC00F459CE /* Base */ = {isa = PBXFileReference; lastKnownFileType = file.storyboard; name = Base; path = Base.lproj/LaunchScreen.storyboard; sourceTree = "<group>"; };
		A4D13D742954B5DC00F459CE /* Info.plist */ = {isa = PBXFileReference; lastKnownFileType = text.plist.xml; path = Info.plist; sourceTree = "<group>"; };
		A4D13D792954B5DC00F459CE /* SampleAppTests.xctest */ = {isa = PBXFileReference; explicitFileType = wrapper.cfbundle; includeInIndex = 0; path = SampleAppTests.xctest; sourceTree = BUILT_PRODUCTS_DIR; };
		A4D13D7D2954B5DC00F459CE /* SampleAppTests.swift */ = {isa = PBXFileReference; lastKnownFileType = sourcecode.swift; path = SampleAppTests.swift; sourceTree = "<group>"; };
		A4D13D832954B5DC00F459CE /* SampleAppUITests.xctest */ = {isa = PBXFileReference; explicitFileType = wrapper.cfbundle; includeInIndex = 0; path = SampleAppUITests.xctest; sourceTree = BUILT_PRODUCTS_DIR; };
		A4D13D872954B5DC00F459CE /* SampleAppUITests.swift */ = {isa = PBXFileReference; lastKnownFileType = sourcecode.swift; path = SampleAppUITests.swift; sourceTree = "<group>"; };
		A4D13D892954B5DC00F459CE /* SampleAppUITestsLaunchTests.swift */ = {isa = PBXFileReference; lastKnownFileType = sourcecode.swift; path = SampleAppUITestsLaunchTests.swift; sourceTree = "<group>"; };
		A4D13DAA2954B6E600F459CE /* XCTest.framework */ = {isa = PBXFileReference; lastKnownFileType = wrapper.framework; name = XCTest.framework; path = Platforms/iPhoneOS.platform/Developer/Library/Frameworks/XCTest.framework; sourceTree = DEVELOPER_DIR; };
		A4D13DB62954BA7400F459CE /* ViewModelType.swift */ = {isa = PBXFileReference; lastKnownFileType = sourcecode.swift; path = ViewModelType.swift; sourceTree = "<group>"; };
		A4D13DB92954BB9300F459CE /* Colors.swift */ = {isa = PBXFileReference; lastKnownFileType = sourcecode.swift; path = Colors.swift; sourceTree = "<group>"; };
		A4D13DBF2954C31B00F459CE /* AppStep.swift */ = {isa = PBXFileReference; lastKnownFileType = sourcecode.swift; path = AppStep.swift; sourceTree = "<group>"; };
		A4D13DC12954C39E00F459CE /* AppFlow.swift */ = {isa = PBXFileReference; lastKnownFileType = sourcecode.swift; path = AppFlow.swift; sourceTree = "<group>"; };
		A4D13DC72954C56900F459CE /* UserLoanUseCase.swift */ = {isa = PBXFileReference; lastKnownFileType = sourcecode.swift; path = UserLoanUseCase.swift; sourceTree = "<group>"; };
		A4D13DCA2954C5AD00F459CE /* UserLoan.swift */ = {isa = PBXFileReference; lastKnownFileType = sourcecode.swift; path = UserLoan.swift; sourceTree = "<group>"; };
		A4D13DCC2954C6FB00F459CE /* LoanServices.swift */ = {isa = PBXFileReference; lastKnownFileType = sourcecode.swift; path = LoanServices.swift; sourceTree = "<group>"; };
		A4D13DCF2954C79F00F459CE /* UserLoanRepository.swift */ = {isa = PBXFileReference; lastKnownFileType = sourcecode.swift; path = UserLoanRepository.swift; sourceTree = "<group>"; };
		A4D13DD22954C81E00F459CE /* UserLoanDTO.swift */ = {isa = PBXFileReference; lastKnownFileType = sourcecode.swift; path = UserLoanDTO.swift; sourceTree = "<group>"; };
/* End PBXFileReference section */

/* Begin PBXFrameworksBuildPhase section */
		A4D13D602954B5DB00F459CE /* Frameworks */ = {
			isa = PBXFrameworksBuildPhase;
			buildActionMask = 2147483647;
			files = (
				A4D13DBE2954C21300F459CE /* RxFlow in Frameworks */,
				A4D13DB22954BA1100F459CE /* RxSwift in Frameworks */,
				A4D13DB02954BA1100F459CE /* RxCocoa in Frameworks */,
				A4D13D9D2954B66000F459CE /* SnapKit in Frameworks */,
			);
			runOnlyForDeploymentPostprocessing = 0;
		};
		A4D13D762954B5DC00F459CE /* Frameworks */ = {
			isa = PBXFrameworksBuildPhase;
			buildActionMask = 2147483647;
			files = (
				A4D13DB42954BA1100F459CE /* RxTest in Frameworks */,
				A4D13DAE2954BA1100F459CE /* RxBlocking in Frameworks */,
			);
			runOnlyForDeploymentPostprocessing = 0;
		};
		A4D13D802954B5DC00F459CE /* Frameworks */ = {
			isa = PBXFrameworksBuildPhase;
			buildActionMask = 2147483647;
			files = (
			);
			runOnlyForDeploymentPostprocessing = 0;
		};
/* End PBXFrameworksBuildPhase section */

/* Begin PBXGroup section */
		A4309612295E35FF009592C4 /* Borrow */ = {
			isa = PBXGroup;
			children = (
				A4309614295E3620009592C4 /* ViewModel */,
				A4309613295E3619009592C4 /* View */,
			);
			path = Borrow;
			sourceTree = "<group>";
		};
		A4309613295E3619009592C4 /* View */ = {
			isa = PBXGroup;
			children = (
				A4309615295E3632009592C4 /* UserBorrowViewController.swift */,
			);
			path = View;
			sourceTree = "<group>";
		};
		A4309614295E3620009592C4 /* ViewModel */ = {
			isa = PBXGroup;
			children = (
				A4309617295E3668009592C4 /* UserBorrowViewModel.swift */,
			);
			path = ViewModel;
			sourceTree = "<group>";
		};
		A481AE1C295E006C00D475D9 /* Presentation */ = {
			isa = PBXGroup;
			children = (
				A481AE1D295E006C00D475D9 /* Scenes */,
			);
			path = Presentation;
			sourceTree = "<group>";
		};
		A481AE1D295E006C00D475D9 /* Scenes */ = {
			isa = PBXGroup;
			children = (
				A4309612295E35FF009592C4 /* Borrow */,
				A481AE1E295E006C00D475D9 /* UserLoan */,
			);
			path = Scenes;
			sourceTree = "<group>";
		};
		A481AE1E295E006C00D475D9 /* UserLoan */ = {
			isa = PBXGroup;
			children = (
				A481AE1F295E006C00D475D9 /* ViewModel */,
				A481AE21295E006C00D475D9 /* View */,
			);
			path = UserLoan;
			sourceTree = "<group>";
		};
		A481AE1F295E006C00D475D9 /* ViewModel */ = {
			isa = PBXGroup;
			children = (
				A481AE20295E006C00D475D9 /* UserLoanViewModel.swift */,
			);
			path = ViewModel;
			sourceTree = "<group>";
		};
		A481AE21295E006C00D475D9 /* View */ = {
			isa = PBXGroup;
			children = (
				A481AE23295E01FD00D475D9 /* UserLoanViewController.swift */,
			);
			path = View;
			sourceTree = "<group>";
		};
		A4D13D5A2954B5DB00F459CE = {
			isa = PBXGroup;
			children = (
				A4D13D652954B5DB00F459CE /* SampleApp */,
				A4D13D7C2954B5DC00F459CE /* SampleAppTests */,
				A4D13D862954B5DC00F459CE /* SampleAppUITests */,
				A4D13D642954B5DB00F459CE /* Products */,
				A4D13DA92954B6E600F459CE /* Frameworks */,
			);
			sourceTree = "<group>";
		};
		A4D13D642954B5DB00F459CE /* Products */ = {
			isa = PBXGroup;
			children = (
				A4D13D632954B5DB00F459CE /* SampleApp.app */,
				A4D13D792954B5DC00F459CE /* SampleAppTests.xctest */,
				A4D13D832954B5DC00F459CE /* SampleAppUITests.xctest */,
			);
			name = Products;
			sourceTree = "<group>";
		};
		A4D13D652954B5DB00F459CE /* SampleApp */ = {
			isa = PBXGroup;
			children = (
				A481AE1C295E006C00D475D9 /* Presentation */,
				A4D13DC52954C48A00F459CE /* Domain */,
				A4D13DC32954C44600F459CE /* Network */,
				A4D13DBB2954BF0600F459CE /* Application */,
				A4D13DB82954BB8900F459CE /* Utils */,
				A4D13DB52954BA5300F459CE /* Common */,
				A4D13D662954B5DB00F459CE /* AppDelegate.swift */,
				A4D13D6F2954B5DC00F459CE /* Assets.xcassets */,
				A4D13D712954B5DC00F459CE /* LaunchScreen.storyboard */,
				A4D13D742954B5DC00F459CE /* Info.plist */,
			);
			path = SampleApp;
			sourceTree = "<group>";
		};
		A4D13D7C2954B5DC00F459CE /* SampleAppTests */ = {
			isa = PBXGroup;
			children = (
				A4D13D7D2954B5DC00F459CE /* SampleAppTests.swift */,
			);
			path = SampleAppTests;
			sourceTree = "<group>";
		};
		A4D13D862954B5DC00F459CE /* SampleAppUITests */ = {
			isa = PBXGroup;
			children = (
				A4D13D872954B5DC00F459CE /* SampleAppUITests.swift */,
				A4D13D892954B5DC00F459CE /* SampleAppUITestsLaunchTests.swift */,
			);
			path = SampleAppUITests;
			sourceTree = "<group>";
		};
		A4D13DA92954B6E600F459CE /* Frameworks */ = {
			isa = PBXGroup;
			children = (
				A4D13DAA2954B6E600F459CE /* XCTest.framework */,
			);
			name = Frameworks;
			sourceTree = "<group>";
		};
		A4D13DB52954BA5300F459CE /* Common */ = {
			isa = PBXGroup;
			children = (
				A4D13DB62954BA7400F459CE /* ViewModelType.swift */,
				A481AE25295E057C00D475D9 /* NiblessViewController.swift */,
			);
			path = Common;
			sourceTree = "<group>";
		};
		A4D13DB82954BB8900F459CE /* Utils */ = {
			isa = PBXGroup;
			children = (
				A4D13DB92954BB9300F459CE /* Colors.swift */,
				A4309610295E2F85009592C4 /* Dimension.swift */,
			);
			path = Utils;
			sourceTree = "<group>";
		};
		A4D13DBB2954BF0600F459CE /* Application */ = {
			isa = PBXGroup;
			children = (
				A4D13DBF2954C31B00F459CE /* AppStep.swift */,
				A4D13DC12954C39E00F459CE /* AppFlow.swift */,
				A481AE16295DFE9500D475D9 /* SampleAppDIContainer.swift */,
				A430960E295E2259009592C4 /* AppAppearance.swift */,
			);
			path = Application;
			sourceTree = "<group>";
		};
		A4D13DC32954C44600F459CE /* Network */ = {
			isa = PBXGroup;
			children = (
				A4D13DD12954C7FF00F459CE /* Data */,
				A4D13DCE2954C78500F459CE /* Repositories */,
				A4D13DC42954C46700F459CE /* Services */,
			);
			path = Network;
			sourceTree = "<group>";
		};
		A4D13DC42954C46700F459CE /* Services */ = {
			isa = PBXGroup;
			children = (
				A4D13DCC2954C6FB00F459CE /* LoanServices.swift */,
			);
			path = Services;
			sourceTree = "<group>";
		};
		A4D13DC52954C48A00F459CE /* Domain */ = {
			isa = PBXGroup;
			children = (
				A4D13DC92954C59700F459CE /* Entries */,
				A4D13DC62954C4C700F459CE /* UseCase */,
			);
			path = Domain;
			sourceTree = "<group>";
		};
		A4D13DC62954C4C700F459CE /* UseCase */ = {
			isa = PBXGroup;
			children = (
				A4D13DC72954C56900F459CE /* UserLoanUseCase.swift */,
			);
			path = UseCase;
			sourceTree = "<group>";
		};
		A4D13DC92954C59700F459CE /* Entries */ = {
			isa = PBXGroup;
			children = (
				A4D13DCA2954C5AD00F459CE /* UserLoan.swift */,
			);
			path = Entries;
			sourceTree = "<group>";
		};
		A4D13DCE2954C78500F459CE /* Repositories */ = {
			isa = PBXGroup;
			children = (
				A4D13DCF2954C79F00F459CE /* UserLoanRepository.swift */,
			);
			path = Repositories;
			sourceTree = "<group>";
		};
		A4D13DD12954C7FF00F459CE /* Data */ = {
			isa = PBXGroup;
			children = (
				A4D13DD22954C81E00F459CE /* UserLoanDTO.swift */,
			);
			path = Data;
			sourceTree = "<group>";
		};
/* End PBXGroup section */

/* Begin PBXNativeTarget section */
		A4D13D622954B5DB00F459CE /* SampleApp */ = {
			isa = PBXNativeTarget;
			buildConfigurationList = A4D13D8D2954B5DC00F459CE /* Build configuration list for PBXNativeTarget "SampleApp" */;
			buildPhases = (
				A4D13D5F2954B5DB00F459CE /* Sources */,
				A4D13D602954B5DB00F459CE /* Frameworks */,
				A4D13D612954B5DB00F459CE /* Resources */,
			);
			buildRules = (
			);
			dependencies = (
			);
			name = SampleApp;
			packageProductDependencies = (
				A4D13D9C2954B66000F459CE /* SnapKit */,
				A4D13DAF2954BA1100F459CE /* RxCocoa */,
				A4D13DB12954BA1100F459CE /* RxSwift */,
				A4D13DBD2954C21300F459CE /* RxFlow */,
			);
			productName = SampleApp;
			productReference = A4D13D632954B5DB00F459CE /* SampleApp.app */;
			productType = "com.apple.product-type.application";
		};
		A4D13D782954B5DC00F459CE /* SampleAppTests */ = {
			isa = PBXNativeTarget;
			buildConfigurationList = A4D13D902954B5DC00F459CE /* Build configuration list for PBXNativeTarget "SampleAppTests" */;
			buildPhases = (
				A4D13D752954B5DC00F459CE /* Sources */,
				A4D13D762954B5DC00F459CE /* Frameworks */,
				A4D13D772954B5DC00F459CE /* Resources */,
			);
			buildRules = (
			);
			dependencies = (
				A4D13D7B2954B5DC00F459CE /* PBXTargetDependency */,
			);
			name = SampleAppTests;
			packageProductDependencies = (
				A4D13DAD2954BA1100F459CE /* RxBlocking */,
				A4D13DB32954BA1100F459CE /* RxTest */,
			);
			productName = SampleAppTests;
			productReference = A4D13D792954B5DC00F459CE /* SampleAppTests.xctest */;
			productType = "com.apple.product-type.bundle.unit-test";
		};
		A4D13D822954B5DC00F459CE /* SampleAppUITests */ = {
			isa = PBXNativeTarget;
			buildConfigurationList = A4D13D932954B5DC00F459CE /* Build configuration list for PBXNativeTarget "SampleAppUITests" */;
			buildPhases = (
				A4D13D7F2954B5DC00F459CE /* Sources */,
				A4D13D802954B5DC00F459CE /* Frameworks */,
				A4D13D812954B5DC00F459CE /* Resources */,
			);
			buildRules = (
			);
			dependencies = (
				A4D13D852954B5DC00F459CE /* PBXTargetDependency */,
			);
			name = SampleAppUITests;
			productName = SampleAppUITests;
			productReference = A4D13D832954B5DC00F459CE /* SampleAppUITests.xctest */;
			productType = "com.apple.product-type.bundle.ui-testing";
		};
/* End PBXNativeTarget section */

/* Begin PBXProject section */
		A4D13D5B2954B5DB00F459CE /* Project object */ = {
			isa = PBXProject;
			attributes = {
				BuildIndependentTargetsInParallel = 1;
				LastSwiftUpdateCheck = 1340;
				LastUpgradeCheck = 1340;
				TargetAttributes = {
					A4D13D622954B5DB00F459CE = {
						CreatedOnToolsVersion = 13.4.1;
					};
					A4D13D782954B5DC00F459CE = {
						CreatedOnToolsVersion = 13.4.1;
						TestTargetID = A4D13D622954B5DB00F459CE;
					};
					A4D13D822954B5DC00F459CE = {
						CreatedOnToolsVersion = 13.4.1;
						TestTargetID = A4D13D622954B5DB00F459CE;
					};
				};
			};
			buildConfigurationList = A4D13D5E2954B5DB00F459CE /* Build configuration list for PBXProject "SampleApp" */;
			compatibilityVersion = "Xcode 13.0";
			developmentRegion = en;
			hasScannedForEncodings = 0;
			knownRegions = (
				en,
				Base,
			);
			mainGroup = A4D13D5A2954B5DB00F459CE;
			packageReferences = (
				A4D13D9B2954B66000F459CE /* XCRemoteSwiftPackageReference "SnapKit" */,
				A4D13DAC2954BA1100F459CE /* XCRemoteSwiftPackageReference "RxSwift" */,
				A4D13DBC2954C21300F459CE /* XCRemoteSwiftPackageReference "RxFlow" */,
			);
			productRefGroup = A4D13D642954B5DB00F459CE /* Products */;
			projectDirPath = "";
			projectRoot = "";
			targets = (
				A4D13D622954B5DB00F459CE /* SampleApp */,
				A4D13D782954B5DC00F459CE /* SampleAppTests */,
				A4D13D822954B5DC00F459CE /* SampleAppUITests */,
			);
		};
/* End PBXProject section */

/* Begin PBXResourcesBuildPhase section */
		A4D13D612954B5DB00F459CE /* Resources */ = {
			isa = PBXResourcesBuildPhase;
			buildActionMask = 2147483647;
			files = (
				A4D13D732954B5DC00F459CE /* LaunchScreen.storyboard in Resources */,
				A4D13D702954B5DC00F459CE /* Assets.xcassets in Resources */,
			);
			runOnlyForDeploymentPostprocessing = 0;
		};
		A4D13D772954B5DC00F459CE /* Resources */ = {
			isa = PBXResourcesBuildPhase;
			buildActionMask = 2147483647;
			files = (
			);
			runOnlyForDeploymentPostprocessing = 0;
		};
		A4D13D812954B5DC00F459CE /* Resources */ = {
			isa = PBXResourcesBuildPhase;
			buildActionMask = 2147483647;
			files = (
			);
			runOnlyForDeploymentPostprocessing = 0;
		};
/* End PBXResourcesBuildPhase section */

/* Begin PBXSourcesBuildPhase section */
		A4D13D5F2954B5DB00F459CE /* Sources */ = {
			isa = PBXSourcesBuildPhase;
			buildActionMask = 2147483647;
			files = (
				A4309618295E3668009592C4 /* UserBorrowViewModel.swift in Sources */,
				A4309611295E2F85009592C4 /* Dimension.swift in Sources */,
				A4D13DC22954C39E00F459CE /* AppFlow.swift in Sources */,
				A4D13DCD2954C6FB00F459CE /* LoanServices.swift in Sources */,
				A4D13DB72954BA7400F459CE /* ViewModelType.swift in Sources */,
				A4D13DC82954C56900F459CE /* UserLoanUseCase.swift in Sources */,
				A4309616295E3632009592C4 /* UserBorrowViewController.swift in Sources */,
				A4D13DC02954C31B00F459CE /* AppStep.swift in Sources */,
				A481AE26295E057C00D475D9 /* NiblessViewController.swift in Sources */,
				A4D13DBA2954BB9300F459CE /* Colors.swift in Sources */,
				A481AE17295DFE9500D475D9 /* SampleAppDIContainer.swift in Sources */,
				A4D13D672954B5DB00F459CE /* AppDelegate.swift in Sources */,
				A430960F295E2259009592C4 /* AppAppearance.swift in Sources */,
				A4D13DD32954C81E00F459CE /* UserLoanDTO.swift in Sources */,
				A4D13DD02954C79F00F459CE /* UserLoanRepository.swift in Sources */,
				A4D13DCB2954C5AD00F459CE /* UserLoan.swift in Sources */,
				A481AE24295E01FD00D475D9 /* UserLoanViewController.swift in Sources */,
				A481AE22295E006C00D475D9 /* UserLoanViewModel.swift in Sources */,
			);
			runOnlyForDeploymentPostprocessing = 0;
		};
		A4D13D752954B5DC00F459CE /* Sources */ = {
			isa = PBXSourcesBuildPhase;
			buildActionMask = 2147483647;
			files = (
				A4D13D7E2954B5DC00F459CE /* SampleAppTests.swift in Sources */,
			);
			runOnlyForDeploymentPostprocessing = 0;
		};
		A4D13D7F2954B5DC00F459CE /* Sources */ = {
			isa = PBXSourcesBuildPhase;
			buildActionMask = 2147483647;
			files = (
				A4D13D8A2954B5DC00F459CE /* SampleAppUITestsLaunchTests.swift in Sources */,
				A4D13D882954B5DC00F459CE /* SampleAppUITests.swift in Sources */,
			);
			runOnlyForDeploymentPostprocessing = 0;
		};
/* End PBXSourcesBuildPhase section */

/* Begin PBXTargetDependency section */
		A4D13D7B2954B5DC00F459CE /* PBXTargetDependency */ = {
			isa = PBXTargetDependency;
			target = A4D13D622954B5DB00F459CE /* SampleApp */;
			targetProxy = A4D13D7A2954B5DC00F459CE /* PBXContainerItemProxy */;
		};
		A4D13D852954B5DC00F459CE /* PBXTargetDependency */ = {
			isa = PBXTargetDependency;
			target = A4D13D622954B5DB00F459CE /* SampleApp */;
			targetProxy = A4D13D842954B5DC00F459CE /* PBXContainerItemProxy */;
		};
/* End PBXTargetDependency section */

/* Begin PBXVariantGroup section */
		A4D13D712954B5DC00F459CE /* LaunchScreen.storyboard */ = {
			isa = PBXVariantGroup;
			children = (
				A4D13D722954B5DC00F459CE /* Base */,
			);
			name = LaunchScreen.storyboard;
			sourceTree = "<group>";
		};
/* End PBXVariantGroup section */

/* Begin XCBuildConfiguration section */
		A4D13D8B2954B5DC00F459CE /* Debug */ = {
			isa = XCBuildConfiguration;
			buildSettings = {
				ALWAYS_SEARCH_USER_PATHS = NO;
				CLANG_ANALYZER_NONNULL = YES;
				CLANG_ANALYZER_NUMBER_OBJECT_CONVERSION = YES_AGGRESSIVE;
				CLANG_CXX_LANGUAGE_STANDARD = "gnu++17";
				CLANG_ENABLE_MODULES = YES;
				CLANG_ENABLE_OBJC_ARC = YES;
				CLANG_ENABLE_OBJC_WEAK = YES;
				CLANG_WARN_BLOCK_CAPTURE_AUTORELEASING = YES;
				CLANG_WARN_BOOL_CONVERSION = YES;
				CLANG_WARN_COMMA = YES;
				CLANG_WARN_CONSTANT_CONVERSION = YES;
				CLANG_WARN_DEPRECATED_OBJC_IMPLEMENTATIONS = YES;
				CLANG_WARN_DIRECT_OBJC_ISA_USAGE = YES_ERROR;
				CLANG_WARN_DOCUMENTATION_COMMENTS = YES;
				CLANG_WARN_EMPTY_BODY = YES;
				CLANG_WARN_ENUM_CONVERSION = YES;
				CLANG_WARN_INFINITE_RECURSION = YES;
				CLANG_WARN_INT_CONVERSION = YES;
				CLANG_WARN_NON_LITERAL_NULL_CONVERSION = YES;
				CLANG_WARN_OBJC_IMPLICIT_RETAIN_SELF = YES;
				CLANG_WARN_OBJC_LITERAL_CONVERSION = YES;
				CLANG_WARN_OBJC_ROOT_CLASS = YES_ERROR;
				CLANG_WARN_QUOTED_INCLUDE_IN_FRAMEWORK_HEADER = YES;
				CLANG_WARN_RANGE_LOOP_ANALYSIS = YES;
				CLANG_WARN_STRICT_PROTOTYPES = YES;
				CLANG_WARN_SUSPICIOUS_MOVE = YES;
				CLANG_WARN_UNGUARDED_AVAILABILITY = YES_AGGRESSIVE;
				CLANG_WARN_UNREACHABLE_CODE = YES;
				CLANG_WARN__DUPLICATE_METHOD_MATCH = YES;
				COPY_PHASE_STRIP = NO;
				DEBUG_INFORMATION_FORMAT = dwarf;
				ENABLE_STRICT_OBJC_MSGSEND = YES;
				ENABLE_TESTABILITY = YES;
				ENABLE_TESTING_SEARCH_PATHS = YES;
				GCC_C_LANGUAGE_STANDARD = gnu11;
				GCC_DYNAMIC_NO_PIC = NO;
				GCC_NO_COMMON_BLOCKS = YES;
				GCC_OPTIMIZATION_LEVEL = 0;
				GCC_PREPROCESSOR_DEFINITIONS = (
					"DEBUG=1",
					"$(inherited)",
				);
				GCC_WARN_64_TO_32_BIT_CONVERSION = YES;
				GCC_WARN_ABOUT_RETURN_TYPE = YES_ERROR;
				GCC_WARN_UNDECLARED_SELECTOR = YES;
				GCC_WARN_UNINITIALIZED_AUTOS = YES_AGGRESSIVE;
				GCC_WARN_UNUSED_FUNCTION = YES;
				GCC_WARN_UNUSED_VARIABLE = YES;
				IPHONEOS_DEPLOYMENT_TARGET = 15.5;
				MTL_ENABLE_DEBUG_INFO = INCLUDE_SOURCE;
				MTL_FAST_MATH = YES;
				ONLY_ACTIVE_ARCH = YES;
				SDKROOT = iphoneos;
				SWIFT_ACTIVE_COMPILATION_CONDITIONS = DEBUG;
				SWIFT_OPTIMIZATION_LEVEL = "-Onone";
			};
			name = Debug;
		};
		A4D13D8C2954B5DC00F459CE /* Release */ = {
			isa = XCBuildConfiguration;
			buildSettings = {
				ALWAYS_SEARCH_USER_PATHS = NO;
				CLANG_ANALYZER_NONNULL = YES;
				CLANG_ANALYZER_NUMBER_OBJECT_CONVERSION = YES_AGGRESSIVE;
				CLANG_CXX_LANGUAGE_STANDARD = "gnu++17";
				CLANG_ENABLE_MODULES = YES;
				CLANG_ENABLE_OBJC_ARC = YES;
				CLANG_ENABLE_OBJC_WEAK = YES;
				CLANG_WARN_BLOCK_CAPTURE_AUTORELEASING = YES;
				CLANG_WARN_BOOL_CONVERSION = YES;
				CLANG_WARN_COMMA = YES;
				CLANG_WARN_CONSTANT_CONVERSION = YES;
				CLANG_WARN_DEPRECATED_OBJC_IMPLEMENTATIONS = YES;
				CLANG_WARN_DIRECT_OBJC_ISA_USAGE = YES_ERROR;
				CLANG_WARN_DOCUMENTATION_COMMENTS = YES;
				CLANG_WARN_EMPTY_BODY = YES;
				CLANG_WARN_ENUM_CONVERSION = YES;
				CLANG_WARN_INFINITE_RECURSION = YES;
				CLANG_WARN_INT_CONVERSION = YES;
				CLANG_WARN_NON_LITERAL_NULL_CONVERSION = YES;
				CLANG_WARN_OBJC_IMPLICIT_RETAIN_SELF = YES;
				CLANG_WARN_OBJC_LITERAL_CONVERSION = YES;
				CLANG_WARN_OBJC_ROOT_CLASS = YES_ERROR;
				CLANG_WARN_QUOTED_INCLUDE_IN_FRAMEWORK_HEADER = YES;
				CLANG_WARN_RANGE_LOOP_ANALYSIS = YES;
				CLANG_WARN_STRICT_PROTOTYPES = YES;
				CLANG_WARN_SUSPICIOUS_MOVE = YES;
				CLANG_WARN_UNGUARDED_AVAILABILITY = YES_AGGRESSIVE;
				CLANG_WARN_UNREACHABLE_CODE = YES;
				CLANG_WARN__DUPLICATE_METHOD_MATCH = YES;
				COPY_PHASE_STRIP = NO;
				DEBUG_INFORMATION_FORMAT = "dwarf-with-dsym";
				ENABLE_NS_ASSERTIONS = NO;
				ENABLE_STRICT_OBJC_MSGSEND = YES;
				ENABLE_TESTING_SEARCH_PATHS = YES;
				GCC_C_LANGUAGE_STANDARD = gnu11;
				GCC_NO_COMMON_BLOCKS = YES;
				GCC_WARN_64_TO_32_BIT_CONVERSION = YES;
				GCC_WARN_ABOUT_RETURN_TYPE = YES_ERROR;
				GCC_WARN_UNDECLARED_SELECTOR = YES;
				GCC_WARN_UNINITIALIZED_AUTOS = YES_AGGRESSIVE;
				GCC_WARN_UNUSED_FUNCTION = YES;
				GCC_WARN_UNUSED_VARIABLE = YES;
				IPHONEOS_DEPLOYMENT_TARGET = 15.5;
				MTL_ENABLE_DEBUG_INFO = NO;
				MTL_FAST_MATH = YES;
				SDKROOT = iphoneos;
				SWIFT_COMPILATION_MODE = wholemodule;
				SWIFT_OPTIMIZATION_LEVEL = "-O";
				VALIDATE_PRODUCT = YES;
			};
			name = Release;
		};
		A4D13D8E2954B5DC00F459CE /* Debug */ = {
			isa = XCBuildConfiguration;
			buildSettings = {
				ASSETCATALOG_COMPILER_APPICON_NAME = AppIcon;
				ASSETCATALOG_COMPILER_GLOBAL_ACCENT_COLOR_NAME = AccentColor;
				CODE_SIGN_STYLE = Automatic;
				CURRENT_PROJECT_VERSION = 1;
				DEVELOPMENT_TEAM = E9V43M7RFT;
				GENERATE_INFOPLIST_FILE = YES;
				INFOPLIST_FILE = SampleApp/Info.plist;
				INFOPLIST_KEY_UIApplicationSupportsIndirectInputEvents = YES;
				INFOPLIST_KEY_UILaunchStoryboardName = LaunchScreen;
				INFOPLIST_KEY_UIMainStoryboardFile = "";
				INFOPLIST_KEY_UISupportedInterfaceOrientations_iPad = "UIInterfaceOrientationPortrait UIInterfaceOrientationPortraitUpsideDown UIInterfaceOrientationLandscapeLeft UIInterfaceOrientationLandscapeRight";
				INFOPLIST_KEY_UISupportedInterfaceOrientations_iPhone = "UIInterfaceOrientationPortrait UIInterfaceOrientationLandscapeLeft UIInterfaceOrientationLandscapeRight";
				LD_RUNPATH_SEARCH_PATHS = (
					"$(inherited)",
					"@executable_path/Frameworks",
				);
				MARKETING_VERSION = 1.0;
				OTHER_LDFLAGS = "";
				PRODUCT_BUNDLE_IDENTIFIER = com.linhnv.SampleApp;
				PRODUCT_NAME = "$(TARGET_NAME)";
				SWIFT_EMIT_LOC_STRINGS = YES;
				SWIFT_VERSION = 5.0;
				TARGETED_DEVICE_FAMILY = "1,2";
			};
			name = Debug;
		};
		A4D13D8F2954B5DC00F459CE /* Release */ = {
			isa = XCBuildConfiguration;
			buildSettings = {
				ASSETCATALOG_COMPILER_APPICON_NAME = AppIcon;
				ASSETCATALOG_COMPILER_GLOBAL_ACCENT_COLOR_NAME = AccentColor;
				CODE_SIGN_STYLE = Automatic;
				CURRENT_PROJECT_VERSION = 1;
				DEVELOPMENT_TEAM = E9V43M7RFT;
				GENERATE_INFOPLIST_FILE = YES;
				INFOPLIST_FILE = SampleApp/Info.plist;
				INFOPLIST_KEY_UIApplicationSupportsIndirectInputEvents = YES;
				INFOPLIST_KEY_UILaunchStoryboardName = LaunchScreen;
				INFOPLIST_KEY_UIMainStoryboardFile = "";
				INFOPLIST_KEY_UISupportedInterfaceOrientations_iPad = "UIInterfaceOrientationPortrait UIInterfaceOrientationPortraitUpsideDown UIInterfaceOrientationLandscapeLeft UIInterfaceOrientationLandscapeRight";
				INFOPLIST_KEY_UISupportedInterfaceOrientations_iPhone = "UIInterfaceOrientationPortrait UIInterfaceOrientationLandscapeLeft UIInterfaceOrientationLandscapeRight";
				LD_RUNPATH_SEARCH_PATHS = (
					"$(inherited)",
					"@executable_path/Frameworks",
				);
				MARKETING_VERSION = 1.0;
				OTHER_LDFLAGS = "";
				PRODUCT_BUNDLE_IDENTIFIER = com.linhnv.SampleApp;
				PRODUCT_NAME = "$(TARGET_NAME)";
				SWIFT_EMIT_LOC_STRINGS = YES;
				SWIFT_VERSION = 5.0;
				TARGETED_DEVICE_FAMILY = "1,2";
			};
			name = Release;
		};
		A4D13D912954B5DC00F459CE /* Debug */ = {
			isa = XCBuildConfiguration;
			buildSettings = {
				ALWAYS_EMBED_SWIFT_STANDARD_LIBRARIES = YES;
				BUNDLE_LOADER = "$(TEST_HOST)";
				CODE_SIGN_STYLE = Automatic;
				CURRENT_PROJECT_VERSION = 1;
				DEVELOPMENT_TEAM = E9V43M7RFT;
				GENERATE_INFOPLIST_FILE = YES;
				IPHONEOS_DEPLOYMENT_TARGET = 15.5;
				MARKETING_VERSION = 1.0;
				PRODUCT_BUNDLE_IDENTIFIER = com.linhnv.SampleAppTests;
				PRODUCT_NAME = "$(TARGET_NAME)";
				SWIFT_EMIT_LOC_STRINGS = NO;
				SWIFT_VERSION = 5.0;
				TARGETED_DEVICE_FAMILY = "1,2";
				TEST_HOST = "$(BUILT_PRODUCTS_DIR)/SampleApp.app/SampleApp";
			};
			name = Debug;
		};
		A4D13D922954B5DC00F459CE /* Release */ = {
			isa = XCBuildConfiguration;
			buildSettings = {
				ALWAYS_EMBED_SWIFT_STANDARD_LIBRARIES = YES;
				BUNDLE_LOADER = "$(TEST_HOST)";
				CODE_SIGN_STYLE = Automatic;
				CURRENT_PROJECT_VERSION = 1;
				DEVELOPMENT_TEAM = E9V43M7RFT;
				GENERATE_INFOPLIST_FILE = YES;
				IPHONEOS_DEPLOYMENT_TARGET = 15.5;
				MARKETING_VERSION = 1.0;
				PRODUCT_BUNDLE_IDENTIFIER = com.linhnv.SampleAppTests;
				PRODUCT_NAME = "$(TARGET_NAME)";
				SWIFT_EMIT_LOC_STRINGS = NO;
				SWIFT_VERSION = 5.0;
				TARGETED_DEVICE_FAMILY = "1,2";
				TEST_HOST = "$(BUILT_PRODUCTS_DIR)/SampleApp.app/SampleApp";
			};
			name = Release;
		};
		A4D13D942954B5DC00F459CE /* Debug */ = {
			isa = XCBuildConfiguration;
			buildSettings = {
				ALWAYS_EMBED_SWIFT_STANDARD_LIBRARIES = YES;
				CODE_SIGN_STYLE = Automatic;
				CURRENT_PROJECT_VERSION = 1;
				DEVELOPMENT_TEAM = E9V43M7RFT;
				GENERATE_INFOPLIST_FILE = YES;
				MARKETING_VERSION = 1.0;
				PRODUCT_BUNDLE_IDENTIFIER = com.linhnv.SampleAppUITests;
				PRODUCT_NAME = "$(TARGET_NAME)";
				SWIFT_EMIT_LOC_STRINGS = NO;
				SWIFT_VERSION = 5.0;
				TARGETED_DEVICE_FAMILY = "1,2";
				TEST_TARGET_NAME = SampleApp;
			};
			name = Debug;
		};
		A4D13D952954B5DC00F459CE /* Release */ = {
			isa = XCBuildConfiguration;
			buildSettings = {
				ALWAYS_EMBED_SWIFT_STANDARD_LIBRARIES = YES;
				CODE_SIGN_STYLE = Automatic;
				CURRENT_PROJECT_VERSION = 1;
				DEVELOPMENT_TEAM = E9V43M7RFT;
				GENERATE_INFOPLIST_FILE = YES;
				MARKETING_VERSION = 1.0;
				PRODUCT_BUNDLE_IDENTIFIER = com.linhnv.SampleAppUITests;
				PRODUCT_NAME = "$(TARGET_NAME)";
				SWIFT_EMIT_LOC_STRINGS = NO;
				SWIFT_VERSION = 5.0;
				TARGETED_DEVICE_FAMILY = "1,2";
				TEST_TARGET_NAME = SampleApp;
			};
			name = Release;
		};
/* End XCBuildConfiguration section */

/* Begin XCConfigurationList section */
		A4D13D5E2954B5DB00F459CE /* Build configuration list for PBXProject "SampleApp" */ = {
			isa = XCConfigurationList;
			buildConfigurations = (
				A4D13D8B2954B5DC00F459CE /* Debug */,
				A4D13D8C2954B5DC00F459CE /* Release */,
			);
			defaultConfigurationIsVisible = 0;
			defaultConfigurationName = Release;
		};
		A4D13D8D2954B5DC00F459CE /* Build configuration list for PBXNativeTarget "SampleApp" */ = {
			isa = XCConfigurationList;
			buildConfigurations = (
				A4D13D8E2954B5DC00F459CE /* Debug */,
				A4D13D8F2954B5DC00F459CE /* Release */,
			);
			defaultConfigurationIsVisible = 0;
			defaultConfigurationName = Release;
		};
		A4D13D902954B5DC00F459CE /* Build configuration list for PBXNativeTarget "SampleAppTests" */ = {
			isa = XCConfigurationList;
			buildConfigurations = (
				A4D13D912954B5DC00F459CE /* Debug */,
				A4D13D922954B5DC00F459CE /* Release */,
			);
			defaultConfigurationIsVisible = 0;
			defaultConfigurationName = Release;
		};
		A4D13D932954B5DC00F459CE /* Build configuration list for PBXNativeTarget "SampleAppUITests" */ = {
			isa = XCConfigurationList;
			buildConfigurations = (
				A4D13D942954B5DC00F459CE /* Debug */,
				A4D13D952954B5DC00F459CE /* Release */,
			);
			defaultConfigurationIsVisible = 0;
			defaultConfigurationName = Release;
		};
/* End XCConfigurationList section */

/* Begin XCRemoteSwiftPackageReference section */
		A4D13D9B2954B66000F459CE /* XCRemoteSwiftPackageReference "SnapKit" */ = {
			isa = XCRemoteSwiftPackageReference;
			repositoryURL = "https://github.com/SnapKit/SnapKit.git";
			requirement = {
				kind = exactVersion;
				version = 5.6.0;
			};
		};
		A4D13DAC2954BA1100F459CE /* XCRemoteSwiftPackageReference "RxSwift" */ = {
			isa = XCRemoteSwiftPackageReference;
			repositoryURL = "https://github.com/ReactiveX/RxSwift.git";
			requirement = {
				kind = exactVersion;
				version = 6.5.0;
			};
		};
		A4D13DBC2954C21300F459CE /* XCRemoteSwiftPackageReference "RxFlow" */ = {
			isa = XCRemoteSwiftPackageReference;
			repositoryURL = "https://github.com/RxSwiftCommunity/RxFlow.git";
			requirement = {
				kind = upToNextMajorVersion;
				minimumVersion = 2.0.0;
			};
		};
/* End XCRemoteSwiftPackageReference section */

/* Begin XCSwiftPackageProductDependency section */
		A4D13D9C2954B66000F459CE /* SnapKit */ = {
			isa = XCSwiftPackageProductDependency;
			package = A4D13D9B2954B66000F459CE /* XCRemoteSwiftPackageReference "SnapKit" */;
			productName = SnapKit;
		};
		A4D13DAD2954BA1100F459CE /* RxBlocking */ = {
			isa = XCSwiftPackageProductDependency;
			package = A4D13DAC2954BA1100F459CE /* XCRemoteSwiftPackageReference "RxSwift" */;
			productName = RxBlocking;
		};
		A4D13DAF2954BA1100F459CE /* RxCocoa */ = {
			isa = XCSwiftPackageProductDependency;
			package = A4D13DAC2954BA1100F459CE /* XCRemoteSwiftPackageReference "RxSwift" */;
			productName = RxCocoa;
		};
		A4D13DB12954BA1100F459CE /* RxSwift */ = {
			isa = XCSwiftPackageProductDependency;
			package = A4D13DAC2954BA1100F459CE /* XCRemoteSwiftPackageReference "RxSwift" */;
			productName = RxSwift;
		};
		A4D13DB32954BA1100F459CE /* RxTest */ = {
			isa = XCSwiftPackageProductDependency;
			package = A4D13DAC2954BA1100F459CE /* XCRemoteSwiftPackageReference "RxSwift" */;
			productName = RxTest;
		};
		A4D13DBD2954C21300F459CE /* RxFlow */ = {
			isa = XCSwiftPackageProductDependency;
			package = A4D13DBC2954C21300F459CE /* XCRemoteSwiftPackageReference "RxFlow" */;
			productName = RxFlow;
		};
/* End XCSwiftPackageProductDependency section */
	};
	rootObject = A4D13D5B2954B5DB00F459CE /* Project object */;
}
